github.com/mrmiroslav/goproxy/ext v0.0.0-20210615170850-4224adecbe6a h1:r9Q9VtRMnjVq9NOsvF82BNO00G8CTvvMMwoq5+xDN/8=
github.com/mrmiroslav/goproxy/ext v0.0.0-20210615170850-4224adecbe6a/go.mod h1:2Y3HdpzbYUy+/iUS9ACR655mMevFYgNqjKHpuJiHnsI=
github.com/rogpeppe/go-charset v0.0.0-20180617210344-2471d30d28b4/go.mod h1:qgYeAmZ5ZIpBWTGllZSQnw97Dj+woV0toclVaRGI8pc=
